
Microsoft Visual Studio Solution File, Format Version 12.00
# Visual Studio Version 16
VisualStudioVersion = 16.0.30517.126
MinimumVisualStudioVersion = 10.0.40219.1
Project("{FAE04EC0-301F-11D3-BF4B-00C04F79EFBC}") = "QRSetter", "QRSetter\QRSetter.csproj", "{505D281B-EFA2-41A8-ABE4-5B23D4B2BF94}"
EndProject
Global
	GlobalSection(SolutionConfigurationPlatforms) = preSolution
		Debug|Any CPU = Debug|Any CPU
		Release|Any CPU = Release|Any CPU
	EndGlobalSection
	GlobalSection(ProjectConfigurationPlatforms) = postSolution
		{505D281B-EFA2-41A8-ABE4-5B23D4B2BF94}.Debug|Any CPU.ActiveCfg = Debug|Any CPU
		{505D281B-EFA2-41A8-ABE4-5B23D4B2BF94}.Debug|Any CPU.Build.0 = Debug|Any CPU
		{505D281B-EFA2-41A8-ABE4-5B23D4B2BF94}.Release|Any CPU.ActiveCfg = Release|Any CPU
		{505D281B-EFA2-41A8-ABE4-5B23D4B2BF94}.Release|Any CPU.Build.0 = Release|Any CPU
	EndGlobalSection
	GlobalSection(SolutionProperties) = preSolution
		HideSolutionNode = FALSE
	EndGlobalSection
	GlobalSection(ExtensibilityGlobals) = postSolution
		SolutionGuid = {987E0112-C2E8-4725-8B80-B8878AE6FF9A}
	EndGlobalSection
EndGlobal
